
Microsoft Visual Studio Solution File, Format Version 12.00
# Visual Studio Version 18
VisualStudioVersion = 18.0.11012.119
MinimumVisualStudioVersion = 10.0.40219.1
Project("{FAE04EC0-301F-11D3-BF4B-00C04F79EFBC}") = "ClientSolution", "ClientSolution.csproj", "{611F36A1-C7E0-4EAF-8E75-FFCA07635FFC}"
EndProject
Project("{FAE04EC0-301F-11D3-BF4B-00C04F79EFBC}") = "LearnKazakh.Shared", "..\shared\LearnKazakh.Shared\LearnKazakh.Shared.csproj", "{964B4E29-5E61-4965-8D25-D0B009AD33BF}"
EndProject
Global
	GlobalSection(SolutionConfigurationPlatforms) = preSolution
		Debug|Any CPU = Debug|Any CPU
		Release|Any CPU = Release|Any CPU
	EndGlobalSection
	GlobalSection(ProjectConfigurationPlatforms) = postSolution
		{611F36A1-C7E0-4EAF-8E75-FFCA07635FFC}.Debug|Any CPU.ActiveCfg = Debug|Any CPU
		{611F36A1-C7E0-4EAF-8E75-FFCA07635FFC}.Debug|Any CPU.Build.0 = Debug|Any CPU
		{611F36A1-C7E0-4EAF-8E75-FFCA07635FFC}.Release|Any CPU.ActiveCfg = Release|Any CPU
		{611F36A1-C7E0-4EAF-8E75-FFCA07635FFC}.Release|Any CPU.Build.0 = Release|Any CPU
		{964B4E29-5E61-4965-8D25-D0B009AD33BF}.Debug|Any CPU.ActiveCfg = Debug|Any CPU
		{964B4E29-5E61-4965-8D25-D0B009AD33BF}.Debug|Any CPU.Build.0 = Debug|Any CPU
		{964B4E29-5E61-4965-8D25-D0B009AD33BF}.Release|Any CPU.ActiveCfg = Release|Any CPU
		{964B4E29-5E61-4965-8D25-D0B009AD33BF}.Release|Any CPU.Build.0 = Release|Any CPU
	EndGlobalSection
	GlobalSection(SolutionProperties) = preSolution
		HideSolutionNode = FALSE
	EndGlobalSection
EndGlobal
